
Microsoft Visual Studio Solution File, Format Version 12.00
# Visual Studio Version 16
VisualStudioVersion = 16.0.30523.141
MinimumVisualStudioVersion = 10.0.40219.1
Project("{FAE04EC0-301F-11D3-BF4B-00C04F79EFBC}") = "Singleton_Static", "Singleton_Static\Singleton_Static.csproj", "{BE38B042-1C55-4D8D-83A1-C2501D71DF11}"
EndProject
Global
	GlobalSection(SolutionConfigurationPlatforms) = preSolution
		Debug|Any CPU = Debug|Any CPU
		Release|Any CPU = Release|Any CPU
	EndGlobalSection
	GlobalSection(ProjectConfigurationPlatforms) = postSolution
		{BE38B042-1C55-4D8D-83A1-C2501D71DF11}.Debug|Any CPU.ActiveCfg = Debug|Any CPU
		{BE38B042-1C55-4D8D-83A1-C2501D71DF11}.Debug|Any CPU.Build.0 = Debug|Any CPU
		{BE38B042-1C55-4D8D-83A1-C2501D71DF11}.Release|Any CPU.ActiveCfg = Release|Any CPU
		{BE38B042-1C55-4D8D-83A1-C2501D71DF11}.Release|Any CPU.Build.0 = Release|Any CPU
	EndGlobalSection
	GlobalSection(SolutionProperties) = preSolution
		HideSolutionNode = FALSE
	EndGlobalSection
	GlobalSection(ExtensibilityGlobals) = postSolution
		SolutionGuid = {98CE2ABD-0235-44D8-8B68-F5F56A342AE5}
	EndGlobalSection
EndGlobal
